// !$*UTF8*$!
{
	archiveVersion = 1;
	classes = {
	};
	objectVersion = 46;
	objects = {

/* Begin PBXBuildFile section */
		434ADA571EA882DE0006DA07 /* AppDelegate.swift in Sources */ = {isa = PBXBuildFile; fileRef = 434ADA561EA882DE0006DA07 /* AppDelegate.swift */; };
		434ADA591EA882DF0006DA07 /* ViewController.swift in Sources */ = {isa = PBXBuildFile; fileRef = 434ADA581EA882DF0006DA07 /* ViewController.swift */; };
		434ADA5C1EA882DF0006DA07 /* Main.storyboard in Resources */ = {isa = PBXBuildFile; fileRef = 434ADA5A1EA882DF0006DA07 /* Main.storyboard */; };
		434ADA5E1EA882DF0006DA07 /* Assets.xcassets in Resources */ = {isa = PBXBuildFile; fileRef = 434ADA5D1EA882DF0006DA07 /* Assets.xcassets */; };
		434ADA611EA882DF0006DA07 /* LaunchScreen.storyboard in Resources */ = {isa = PBXBuildFile; fileRef = 434ADA5F1EA882DF0006DA07 /* LaunchScreen.storyboard */; };
/* End PBXBuildFile section */

/* Begin PBXFileReference section */
		434ADA531EA882DE0006DA07 /* PicFix.app */ = {isa = PBXFileReference; explicitFileType = wrapper.application; includeInIndex = 0; path = PicFix.app; sourceTree = BUILT_PRODUCTS_DIR; };
		434ADA561EA882DE0006DA07 /* AppDelegate.swift */ = {isa = PBXFileReference; lastKnownFileType = sourcecode.swift; path = AppDelegate.swift; sourceTree = "<group>"; };
		434ADA581EA882DF0006DA07 /* ViewController.swift */ = {isa = PBXFileReference; lastKnownFileType = sourcecode.swift; path = ViewController.swift; sourceTree = "<group>"; };
		434ADA5B1EA882DF0006DA07 /* Base */ = {isa = PBXFileReference; lastKnownFileType = file.storyboard; name = Base; path = Base.lproj/Main.storyboard; sourceTree = "<group>"; };
		434ADA5D1EA882DF0006DA07 /* Assets.xcassets */ = {isa = PBXFileReference; lastKnownFileType = folder.assetcatalog; path = Assets.xcassets; sourceTree = "<group>"; };
		434ADA601EA882DF0006DA07 /* Base */ = {isa = PBXFileReference; lastKnownFileType = file.storyboard; name = Base; path = Base.lproj/LaunchScreen.storyboard; sourceTree = "<group>"; };
		434ADA621EA882DF0006DA07 /* Info.plist */ = {isa = PBXFileReference; lastKnownFileType = text.plist.xml; path = Info.plist; sourceTree = "<group>"; };
/* End PBXFileReference section */

/* Begin PBXFrameworksBuildPhase section */
		434ADA501EA882DE0006DA07 /* Frameworks */ = {
			isa = PBXFrameworksBuildPhase;
			buildActionMask = 2147483647;
			files = (
			);
			runOnlyForDeploymentPostprocessing = 0;
		};
/* End PBXFrameworksBuildPhase section */

/* Begin PBXGroup section */
		434ADA4A1EA882DE0006DA07 = {
			isa = PBXGroup;
			children = (
				434ADA551EA882DE0006DA07 /* PicFix */,
				434ADA541EA882DE0006DA07 /* Products */,
			);
			sourceTree = "<group>";
		};
		434ADA541EA882DE0006DA07 /* Products */ = {
			isa = PBXGroup;
			children = (
				434ADA531EA882DE0006DA07 /* PicFix.app */,
			);
			name = Products;
			sourceTree = "<group>";
		};
		434ADA551EA882DE0006DA07 /* PicFix */ = {
			isa = PBXGroup;
			children = (
				434ADA561EA882DE0006DA07 /* AppDelegate.swift */,
				434ADA581EA882DF0006DA07 /* ViewController.swift */,
				434ADA5A1EA882DF0006DA07 /* Main.storyboard */,
				434ADA5D1EA882DF0006DA07 /* Assets.xcassets */,
				434ADA5F1EA882DF0006DA07 /* LaunchScreen.storyboard */,
				434ADA621EA882DF0006DA07 /* Info.plist */,
			);
			path = PicFix;
			sourceTree = "<group>";
		};
/* End PBXGroup section */

/* Begin PBXNativeTarget section */
		434ADA521EA882DE0006DA07 /* PicFix */ = {
			isa = PBXNativeTarget;
			buildConfigurationList = 434ADA651EA882DF0006DA07 /* Build configuration list for PBXNativeTarget "PicFix" */;
			buildPhases = (
				434ADA4F1EA882DE0006DA07 /* Sources */,
				434ADA501EA882DE0006DA07 /* Frameworks */,
				434ADA511EA882DE0006DA07 /* Resources */,
			);
			buildRules = (
			);
			dependencies = (
			);
			name = PicFix;
			productName = PicFix;
			productReference = 434ADA531EA882DE0006DA07 /* PicFix.app */;
			productType = "com.apple.product-type.application";
		};
/* End PBXNativeTarget section */

/* Begin PBXProject section */
		434ADA4B1EA882DE0006DA07 /* Project object */ = {
			isa = PBXProject;
			attributes = {
				LastSwiftUpdateCheck = 0730;
				LastUpgradeCheck = 0730;
				ORGANIZATIONNAME = PicFix;
				TargetAttributes = {
					434ADA521EA882DE0006DA07 = {
						CreatedOnToolsVersion = 7.3.1;
					};
				};
			};
			buildConfigurationList = 434ADA4E1EA882DE0006DA07 /* Build configuration list for PBXProject "PicFix" */;
			compatibilityVersion = "Xcode 3.2";
			developmentRegion = English;
			hasScannedForEncodings = 0;
			knownRegions = (
				en,
				Base,
			);
			mainGroup = 434ADA4A1EA882DE0006DA07;
			productRefGroup = 434ADA541EA882DE0006DA07 /* Products */;
			projectDirPath = "";
			projectRoot = "";
			targets = (
				434ADA521EA882DE0006DA07 /* PicFix */,
			);
		};
/* End PBXProject section */

/* Begin PBXResourcesBuildPhase section */
		434ADA511EA882DE0006DA07 /* Resources */ = {
			isa = PBXResourcesBuildPhase;
			buildActionMask = 2147483647;
			files = (
				434ADA611EA882DF0006DA07 /* LaunchScreen.storyboard in Resources */,
				434ADA5E1EA882DF0006DA07 /* Assets.xcassets in Resources */,
				434ADA5C1EA882DF0006DA07 /* Main.storyboard in Resources */,
			);
			runOnlyForDeploymentPostprocessing = 0;
		};
/* End PBXResourcesBuildPhase section */

/* Begin PBXSourcesBuildPhase section */
		434ADA4F1EA882DE0006DA07 /* Sources */ = {
			isa = PBXSourcesBuildPhase;
			buildActionMask = 2147483647;
			files = (
				434ADA591EA882DF0006DA07 /* ViewController.swift in Sources */,
				434ADA571EA882DE0006DA07 /* AppDelegate.swift in Sources */,
			);
			runOnlyForDeploymentPostprocessing = 0;
		};
/* End PBXSourcesBuildPhase section */

/* Begin PBXVariantGroup section */
		434ADA5A1EA882DF0006DA07 /* Main.storyboard */ = {
			isa = PBXVariantGroup;
			children = (
				434ADA5B1EA882DF0006DA07 /* Base */,
			);
			name = Main.storyboard;
			sourceTree = "<group>";
		};
		434ADA5F1EA882DF0006DA07 /* LaunchScreen.storyboard */ = {
			isa = PBXVariantGroup;
			children = (
				434ADA601EA882DF0006DA07 /* Base */,
			);
			name = LaunchScreen.storyboard;
			sourceTree = "<group>";
		};
/* End PBXVariantGroup section */

/* Begin XCBuildConfiguration section */
		434ADA631EA882DF0006DA07 /* Debug */ = {
			isa = XCBuildConfiguration;
			buildSettings = {
				ALWAYS_SEARCH_USER_PATHS = NO;
				CLANG_ANALYZER_NONNULL = YES;
				CLANG_CXX_LANGUAGE_STANDARD = "gnu++0x";
				CLANG_CXX_LIBRARY = "libc++";
				CLANG_ENABLE_MODULES = YES;
				CLANG_ENABLE_OBJC_ARC = YES;
				CLANG_WARN_BOOL_CONVERSION = YES;
				CLANG_WARN_CONSTANT_CONVERSION = YES;
				CLANG_WARN_DIRECT_OBJC_ISA_USAGE = YES_ERROR;
				CLANG_WARN_EMPTY_BODY = YES;
				CLANG_WARN_ENUM_CONVERSION = YES;
				CLANG_WARN_INT_CONVERSION = YES;
				CLANG_WARN_OBJC_ROOT_CLASS = YES_ERROR;
				CLANG_WARN_UNREACHABLE_CODE = YES;
				CLANG_WARN__DUPLICATE_METHOD_MATCH = YES;
				"CODE_SIGN_IDENTITY[sdk=iphoneos*]" = "iPhone Developer";
				COPY_PHASE_STRIP = NO;
				DEBUG_INFORMATION_FORMAT = dwarf;
				ENABLE_STRICT_OBJC_MSGSEND = YES;
				ENABLE_TESTABILITY = YES;
				GCC_C_LANGUAGE_STANDARD = gnu99;
				GCC_DYNAMIC_NO_PIC = NO;
				GCC_NO_COMMON_BLOCKS = YES;
				GCC_OPTIMIZATION_LEVEL = 0;
				GCC_PREPROCESSOR_DEFINITIONS = (
					"DEBUG=1",
					"$(inherited)",
				);
				GCC_WARN_64_TO_32_BIT_CONVERSION = YES;
				GCC_WARN_ABOUT_RETURN_TYPE = YES_ERROR;
				GCC_WARN_UNDECLARED_SELECTOR = YES;
				GCC_WARN_UNINITIALIZED_AUTOS = YES_AGGRESSIVE;
				GCC_WARN_UNUSED_FUNCTION = YES;
				GCC_WARN_UNUSED_VARIABLE = YES;
				IPHONEOS_DEPLOYMENT_TARGET = 9.3;
				MTL_ENABLE_DEBUG_INFO = YES;
				ONLY_ACTIVE_ARCH = YES;
				SDKROOT = iphoneos;
				SWIFT_OPTIMIZATION_LEVEL = "-Onone";
				TARGETED_DEVICE_FAMILY = "1,2";
			};
			name = Debug;
		};
		434ADA641EA882DF0006DA07 /* Release */ = {
			isa = XCBuildConfiguration;
			buildSettings = {
				ALWAYS_SEARCH_USER_PATHS = NO;
				CLANG_ANALYZER_NONNULL = YES;
				CLANG_CXX_LANGUAGE_STANDARD = "gnu++0x";
				CLANG_CXX_LIBRARY = "libc++";
				CLANG_ENABLE_MODULES = YES;
				CLANG_ENABLE_OBJC_ARC = YES;
				CLANG_WARN_BOOL_CONVERSION = YES;
				CLANG_WARN_CONSTANT_CONVERSION = YES;
				CLANG_WARN_DIRECT_OBJC_ISA_USAGE = YES_ERROR;
				CLANG_WARN_EMPTY_BODY = YES;
				CLANG_WARN_ENUM_CONVERSION = YES;
				CLANG_WARN_INT_CONVERSION = YES;
				CLANG_WARN_OBJC_ROOT_CLASS = YES_ERROR;
				CLANG_WARN_UNREACHABLE_CODE = YES;
				CLANG_WARN__DUPLICATE_METHOD_MATCH = YES;
				"CODE_SIGN_IDENTITY[sdk=iphoneos*]" = "iPhone Developer";
				COPY_PHASE_STRIP = NO;
				DEBUG_INFORMATION_FORMAT = "dwarf-with-dsym";
				ENABLE_NS_ASSERTIONS = NO;
				ENABLE_STRICT_OBJC_MSGSEND = YES;
				GCC_C_LANGUAGE_STANDARD = gnu99;
				GCC_NO_COMMON_BLOCKS = YES;
				GCC_WARN_64_TO_32_BIT_CONVERSION = YES;
				GCC_WARN_ABOUT_RETURN_TYPE = YES_ERROR;
				GCC_WARN_UNDECLARED_SELECTOR = YES;
				GCC_WARN_UNINITIALIZED_AUTOS = YES_AGGRESSIVE;
				GCC_WARN_UNUSED_FUNCTION = YES;
				GCC_WARN_UNUSED_VARIABLE = YES;
				IPHONEOS_DEPLOYMENT_TARGET = 9.3;
				MTL_ENABLE_DEBUG_INFO = NO;
				SDKROOT = iphoneos;
				TARGETED_DEVICE_FAMILY = "1,2";
				VALIDATE_PRODUCT = YES;
			};
			name = Release;
		};
		434ADA661EA882DF0006DA07 /* Debug */ = {
			isa = XCBuildConfiguration;
			buildSettings = {
				ASSETCATALOG_COMPILER_APPICON_NAME = AppIcon;
				INFOPLIST_FILE = PicFix/Info.plist;
				LD_RUNPATH_SEARCH_PATHS = "$(inherited) @executable_path/Frameworks";
				PRODUCT_BUNDLE_IDENTIFIER = com.gabotg.PicFix;
				PRODUCT_NAME = "$(TARGET_NAME)";
			};
			name = Debug;
		};
		434ADA671EA882DF0006DA07 /* Release */ = {
			isa = XCBuildConfiguration;
			buildSettings = {
				ASSETCATALOG_COMPILER_APPICON_NAME = AppIcon;
				INFOPLIST_FILE = PicFix/Info.plist;
				LD_RUNPATH_SEARCH_PATHS = "$(inherited) @executable_path/Frameworks";
				PRODUCT_BUNDLE_IDENTIFIER = com.gabotg.PicFix;
				PRODUCT_NAME = "$(TARGET_NAME)";
			};
			name = Release;
		};
/* End XCBuildConfiguration section */

/* Begin XCConfigurationList section */
		434ADA4E1EA882DE0006DA07 /* Build configuration list for PBXProject "PicFix" */ = {
			isa = XCConfigurationList;
			buildConfigurations = (
				434ADA631EA882DF0006DA07 /* Debug */,
				434ADA641EA882DF0006DA07 /* Release */,
			);
			defaultConfigurationIsVisible = 0;
			defaultConfigurationName = Release;
		};
		434ADA651EA882DF0006DA07 /* Build configuration list for PBXNativeTarget "PicFix" */ = {
			isa = XCConfigurationList;
			buildConfigurations = (
				434ADA661EA882DF0006DA07 /* Debug */,
				434ADA671EA882DF0006DA07 /* Release */,
			);
			defaultConfigurationIsVisible = 0;
		};
/* End XCConfigurationList section */
	};
	rootObject = 434ADA4B1EA882DE0006DA07 /* Project object */;
}
